// !$*UTF8*$!
{
	archiveVersion = 1;
	classes = {
	};
	objectVersion = 50;
	objects = {

/* Begin PBXBuildFile section */
		943A841825BE8F7D00558F42 /* AppDelegate.swift in Sources */ = {isa = PBXBuildFile; fileRef = 943A841725BE8F7D00558F42 /* AppDelegate.swift */; };
		943A841A25BE8F7D00558F42 /* SceneDelegate.swift in Sources */ = {isa = PBXBuildFile; fileRef = 943A841925BE8F7D00558F42 /* SceneDelegate.swift */; };
		943A841C25BE8F7D00558F42 /* ViewController.swift in Sources */ = {isa = PBXBuildFile; fileRef = 943A841B25BE8F7D00558F42 /* ViewController.swift */; };
		943A841F25BE8F7D00558F42 /* Main.storyboard in Resources */ = {isa = PBXBuildFile; fileRef = 943A841D25BE8F7D00558F42 /* Main.storyboard */; };
		943A842125BE8F7E00558F42 /* Assets.xcassets in Resources */ = {isa = PBXBuildFile; fileRef = 943A842025BE8F7E00558F42 /* Assets.xcassets */; };
		943A842425BE8F7E00558F42 /* LaunchScreen.storyboard in Resources */ = {isa = PBXBuildFile; fileRef = 943A842225BE8F7E00558F42 /* LaunchScreen.storyboard */; };
		943A842D25BE958C00558F42 /* yubi.png in Resources */ = {isa = PBXBuildFile; fileRef = 943A842C25BE958C00558F42 /* yubi.png */; };
		943A843025BE959A00558F42 /* yubi2.png in Resources */ = {isa = PBXBuildFile; fileRef = 943A842F25BE959A00558F42 /* yubi2.png */; };
		943A843325BE961F00558F42 /* hand.png in Resources */ = {isa = PBXBuildFile; fileRef = 943A843225BE961F00558F42 /* hand.png */; };
		94B0646225C110D0002E28FF /* SpeechService.swift in Sources */ = {isa = PBXBuildFile; fileRef = 94B0646125C110D0002E28FF /* SpeechService.swift */; };
		94B0646625C11F36002E28FF /* GameOver.swift in Sources */ = {isa = PBXBuildFile; fileRef = 94B0646525C11F36002E28FF /* GameOver.swift */; };
		94B0646A25C121A0002E28FF /* Clear.swift in Sources */ = {isa = PBXBuildFile; fileRef = 94B0646925C121A0002E28FF /* Clear.swift */; };
		94E5299525C160E4007C69AA /* title.swift in Sources */ = {isa = PBXBuildFile; fileRef = 94E5299425C160E4007C69AA /* title.swift */; };
/* End PBXBuildFile section */

/* Begin PBXFileReference section */
		943A841425BE8F7D00558F42 /* YubisumaAPP.app */ = {isa = PBXFileReference; explicitFileType = wrapper.application; includeInIndex = 0; path = YubisumaAPP.app; sourceTree = BUILT_PRODUCTS_DIR; };
		943A841725BE8F7D00558F42 /* AppDelegate.swift */ = {isa = PBXFileReference; lastKnownFileType = sourcecode.swift; path = AppDelegate.swift; sourceTree = "<group>"; };
		943A841925BE8F7D00558F42 /* SceneDelegate.swift */ = {isa = PBXFileReference; lastKnownFileType = sourcecode.swift; path = SceneDelegate.swift; sourceTree = "<group>"; };
		943A841B25BE8F7D00558F42 /* ViewController.swift */ = {isa = PBXFileReference; lastKnownFileType = sourcecode.swift; path = ViewController.swift; sourceTree = "<group>"; };
		943A841E25BE8F7D00558F42 /* Base */ = {isa = PBXFileReference; lastKnownFileType = file.storyboard; name = Base; path = Base.lproj/Main.storyboard; sourceTree = "<group>"; };
		943A842025BE8F7E00558F42 /* Assets.xcassets */ = {isa = PBXFileReference; lastKnownFileType = folder.assetcatalog; path = Assets.xcassets; sourceTree = "<group>"; };
		943A842325BE8F7E00558F42 /* Base */ = {isa = PBXFileReference; lastKnownFileType = file.storyboard; name = Base; path = Base.lproj/LaunchScreen.storyboard; sourceTree = "<group>"; };
		943A842525BE8F7E00558F42 /* Info.plist */ = {isa = PBXFileReference; lastKnownFileType = text.plist.xml; path = Info.plist; sourceTree = "<group>"; };
		943A842C25BE958C00558F42 /* yubi.png */ = {isa = PBXFileReference; lastKnownFileType = image.png; path = yubi.png; sourceTree = "<group>"; };
		943A842F25BE959A00558F42 /* yubi2.png */ = {isa = PBXFileReference; lastKnownFileType = image.png; path = yubi2.png; sourceTree = "<group>"; };
		943A843225BE961F00558F42 /* hand.png */ = {isa = PBXFileReference; lastKnownFileType = image.png; path = hand.png; sourceTree = "<group>"; };
		94B0646125C110D0002E28FF /* SpeechService.swift */ = {isa = PBXFileReference; lastKnownFileType = sourcecode.swift; path = SpeechService.swift; sourceTree = "<group>"; };
		94B0646525C11F36002E28FF /* GameOver.swift */ = {isa = PBXFileReference; lastKnownFileType = sourcecode.swift; path = GameOver.swift; sourceTree = "<group>"; };
		94B0646925C121A0002E28FF /* Clear.swift */ = {isa = PBXFileReference; lastKnownFileType = sourcecode.swift; path = Clear.swift; sourceTree = "<group>"; };
		94E5299425C160E4007C69AA /* title.swift */ = {isa = PBXFileReference; lastKnownFileType = sourcecode.swift; path = title.swift; sourceTree = "<group>"; };
/* End PBXFileReference section */

/* Begin PBXFrameworksBuildPhase section */
		943A841125BE8F7D00558F42 /* Frameworks */ = {
			isa = PBXFrameworksBuildPhase;
			buildActionMask = 2147483647;
			files = (
			);
			runOnlyForDeploymentPostprocessing = 0;
		};
/* End PBXFrameworksBuildPhase section */

/* Begin PBXGroup section */
		943A840B25BE8F7D00558F42 = {
			isa = PBXGroup;
			children = (
				943A841625BE8F7D00558F42 /* YubisumaAPP */,
				943A841525BE8F7D00558F42 /* Products */,
			);
			sourceTree = "<group>";
		};
		943A841525BE8F7D00558F42 /* Products */ = {
			isa = PBXGroup;
			children = (
				943A841425BE8F7D00558F42 /* YubisumaAPP.app */,
			);
			name = Products;
			sourceTree = "<group>";
		};
		943A841625BE8F7D00558F42 /* YubisumaAPP */ = {
			isa = PBXGroup;
			children = (
				943A841725BE8F7D00558F42 /* AppDelegate.swift */,
				943A841925BE8F7D00558F42 /* SceneDelegate.swift */,
				943A841B25BE8F7D00558F42 /* ViewController.swift */,
				94B0646525C11F36002E28FF /* GameOver.swift */,
				94B0646925C121A0002E28FF /* Clear.swift */,
				94E5299425C160E4007C69AA /* title.swift */,
				94B0646125C110D0002E28FF /* SpeechService.swift */,
				943A842C25BE958C00558F42 /* yubi.png */,
				943A842F25BE959A00558F42 /* yubi2.png */,
				943A843225BE961F00558F42 /* hand.png */,
				943A841D25BE8F7D00558F42 /* Main.storyboard */,
				943A842025BE8F7E00558F42 /* Assets.xcassets */,
				943A842225BE8F7E00558F42 /* LaunchScreen.storyboard */,
				943A842525BE8F7E00558F42 /* Info.plist */,
			);
			path = YubisumaAPP;
			sourceTree = "<group>";
		};
/* End PBXGroup section */

/* Begin PBXNativeTarget section */
		943A841325BE8F7D00558F42 /* YubisumaAPP */ = {
			isa = PBXNativeTarget;
			buildConfigurationList = 943A842825BE8F7E00558F42 /* Build configuration list for PBXNativeTarget "YubisumaAPP" */;
			buildPhases = (
				943A841025BE8F7D00558F42 /* Sources */,
				943A841125BE8F7D00558F42 /* Frameworks */,
				943A841225BE8F7D00558F42 /* Resources */,
			);
			buildRules = (
			);
			dependencies = (
			);
			name = YubisumaAPP;
			productName = YubisumaAPP;
			productReference = 943A841425BE8F7D00558F42 /* YubisumaAPP.app */;
			productType = "com.apple.product-type.application";
		};
/* End PBXNativeTarget section */

/* Begin PBXProject section */
		943A840C25BE8F7D00558F42 /* Project object */ = {
			isa = PBXProject;
			attributes = {
				LastSwiftUpdateCheck = 1230;
				LastUpgradeCheck = 1230;
				TargetAttributes = {
					943A841325BE8F7D00558F42 = {
						CreatedOnToolsVersion = 12.3;
					};
				};
			};
			buildConfigurationList = 943A840F25BE8F7D00558F42 /* Build configuration list for PBXProject "YubisumaAPP" */;
			compatibilityVersion = "Xcode 9.3";
			developmentRegion = en;
			hasScannedForEncodings = 0;
			knownRegions = (
				en,
				Base,
			);
			mainGroup = 943A840B25BE8F7D00558F42;
			productRefGroup = 943A841525BE8F7D00558F42 /* Products */;
			projectDirPath = "";
			projectRoot = "";
			targets = (
				943A841325BE8F7D00558F42 /* YubisumaAPP */,
			);
		};
/* End PBXProject section */

/* Begin PBXResourcesBuildPhase section */
		943A841225BE8F7D00558F42 /* Resources */ = {
			isa = PBXResourcesBuildPhase;
			buildActionMask = 2147483647;
			files = (
				943A843025BE959A00558F42 /* yubi2.png in Resources */,
				943A842D25BE958C00558F42 /* yubi.png in Resources */,
				943A843325BE961F00558F42 /* hand.png in Resources */,
				943A842425BE8F7E00558F42 /* LaunchScreen.storyboard in Resources */,
				943A842125BE8F7E00558F42 /* Assets.xcassets in Resources */,
				943A841F25BE8F7D00558F42 /* Main.storyboard in Resources */,
			);
			runOnlyForDeploymentPostprocessing = 0;
		};
/* End PBXResourcesBuildPhase section */

/* Begin PBXSourcesBuildPhase section */
		943A841025BE8F7D00558F42 /* Sources */ = {
			isa = PBXSourcesBuildPhase;
			buildActionMask = 2147483647;
			files = (
				94E5299525C160E4007C69AA /* title.swift in Sources */,
				943A841C25BE8F7D00558F42 /* ViewController.swift in Sources */,
				943A841825BE8F7D00558F42 /* AppDelegate.swift in Sources */,
				943A841A25BE8F7D00558F42 /* SceneDelegate.swift in Sources */,
				94B0646A25C121A0002E28FF /* Clear.swift in Sources */,
				94B0646625C11F36002E28FF /* GameOver.swift in Sources */,
				94B0646225C110D0002E28FF /* SpeechService.swift in Sources */,
			);
			runOnlyForDeploymentPostprocessing = 0;
		};
/* End PBXSourcesBuildPhase section */

/* Begin PBXVariantGroup section */
		943A841D25BE8F7D00558F42 /* Main.storyboard */ = {
			isa = PBXVariantGroup;
			children = (
				943A841E25BE8F7D00558F42 /* Base */,
			);
			name = Main.storyboard;
			sourceTree = "<group>";
		};
		943A842225BE8F7E00558F42 /* LaunchScreen.storyboard */ = {
			isa = PBXVariantGroup;
			children = (
				943A842325BE8F7E00558F42 /* Base */,
			);
			name = LaunchScreen.storyboard;
			sourceTree = "<group>";
		};
/* End PBXVariantGroup section */

/* Begin XCBuildConfiguration section */
		943A842625BE8F7E00558F42 /* Debug */ = {
			isa = XCBuildConfiguration;
			buildSettings = {
				ALWAYS_SEARCH_USER_PATHS = NO;
				CLANG_ANALYZER_NONNULL = YES;
				CLANG_ANALYZER_NUMBER_OBJECT_CONVERSION = YES_AGGRESSIVE;
				CLANG_CXX_LANGUAGE_STANDARD = "gnu++14";
				CLANG_CXX_LIBRARY = "libc++";
				CLANG_ENABLE_MODULES = YES;
				CLANG_ENABLE_OBJC_ARC = YES;
				CLANG_ENABLE_OBJC_WEAK = YES;
				CLANG_WARN_BLOCK_CAPTURE_AUTORELEASING = YES;
				CLANG_WARN_BOOL_CONVERSION = YES;
				CLANG_WARN_COMMA = YES;
				CLANG_WARN_CONSTANT_CONVERSION = YES;
				CLANG_WARN_DEPRECATED_OBJC_IMPLEMENTATIONS = YES;
				CLANG_WARN_DIRECT_OBJC_ISA_USAGE = YES_ERROR;
				CLANG_WARN_DOCUMENTATION_COMMENTS = YES;
				CLANG_WARN_EMPTY_BODY = YES;
				CLANG_WARN_ENUM_CONVERSION = YES;
				CLANG_WARN_INFINITE_RECURSION = YES;
				CLANG_WARN_INT_CONVERSION = YES;
				CLANG_WARN_NON_LITERAL_NULL_CONVERSION = YES;
				CLANG_WARN_OBJC_IMPLICIT_RETAIN_SELF = YES;
				CLANG_WARN_OBJC_LITERAL_CONVERSION = YES;
				CLANG_WARN_OBJC_ROOT_CLASS = YES_ERROR;
				CLANG_WARN_QUOTED_INCLUDE_IN_FRAMEWORK_HEADER = YES;
				CLANG_WARN_RANGE_LOOP_ANALYSIS = YES;
				CLANG_WARN_STRICT_PROTOTYPES = YES;
				CLANG_WARN_SUSPICIOUS_MOVE = YES;
				CLANG_WARN_UNGUARDED_AVAILABILITY = YES_AGGRESSIVE;
				CLANG_WARN_UNREACHABLE_CODE = YES;
				CLANG_WARN__DUPLICATE_METHOD_MATCH = YES;
				COPY_PHASE_STRIP = NO;
				DEBUG_INFORMATION_FORMAT = dwarf;
				ENABLE_STRICT_OBJC_MSGSEND = YES;
				ENABLE_TESTABILITY = YES;
				GCC_C_LANGUAGE_STANDARD = gnu11;
				GCC_DYNAMIC_NO_PIC = NO;
				GCC_NO_COMMON_BLOCKS = YES;
				GCC_OPTIMIZATION_LEVEL = 0;
				GCC_PREPROCESSOR_DEFINITIONS = (
					"DEBUG=1",
					"$(inherited)",
				);
				GCC_WARN_64_TO_32_BIT_CONVERSION = YES;
				GCC_WARN_ABOUT_RETURN_TYPE = YES_ERROR;
				GCC_WARN_UNDECLARED_SELECTOR = YES;
				GCC_WARN_UNINITIALIZED_AUTOS = YES_AGGRESSIVE;
				GCC_WARN_UNUSED_FUNCTION = YES;
				GCC_WARN_UNUSED_VARIABLE = YES;
				IPHONEOS_DEPLOYMENT_TARGET = 14.3;
				MTL_ENABLE_DEBUG_INFO = INCLUDE_SOURCE;
				MTL_FAST_MATH = YES;
				ONLY_ACTIVE_ARCH = YES;
				SDKROOT = iphoneos;
				SWIFT_ACTIVE_COMPILATION_CONDITIONS = DEBUG;
				SWIFT_OPTIMIZATION_LEVEL = "-Onone";
			};
			name = Debug;
		};
		943A842725BE8F7E00558F42 /* Release */ = {
			isa = XCBuildConfiguration;
			buildSettings = {
				ALWAYS_SEARCH_USER_PATHS = NO;
				CLANG_ANALYZER_NONNULL = YES;
				CLANG_ANALYZER_NUMBER_OBJECT_CONVERSION = YES_AGGRESSIVE;
				CLANG_CXX_LANGUAGE_STANDARD = "gnu++14";
				CLANG_CXX_LIBRARY = "libc++";
				CLANG_ENABLE_MODULES = YES;
				CLANG_ENABLE_OBJC_ARC = YES;
				CLANG_ENABLE_OBJC_WEAK = YES;
				CLANG_WARN_BLOCK_CAPTURE_AUTORELEASING = YES;
				CLANG_WARN_BOOL_CONVERSION = YES;
				CLANG_WARN_COMMA = YES;
				CLANG_WARN_CONSTANT_CONVERSION = YES;
				CLANG_WARN_DEPRECATED_OBJC_IMPLEMENTATIONS = YES;
				CLANG_WARN_DIRECT_OBJC_ISA_USAGE = YES_ERROR;
				CLANG_WARN_DOCUMENTATION_COMMENTS = YES;
				CLANG_WARN_EMPTY_BODY = YES;
				CLANG_WARN_ENUM_CONVERSION = YES;
				CLANG_WARN_INFINITE_RECURSION = YES;
				CLANG_WARN_INT_CONVERSION = YES;
				CLANG_WARN_NON_LITERAL_NULL_CONVERSION = YES;
				CLANG_WARN_OBJC_IMPLICIT_RETAIN_SELF = YES;
				CLANG_WARN_OBJC_LITERAL_CONVERSION = YES;
				CLANG_WARN_OBJC_ROOT_CLASS = YES_ERROR;
				CLANG_WARN_QUOTED_INCLUDE_IN_FRAMEWORK_HEADER = YES;
				CLANG_WARN_RANGE_LOOP_ANALYSIS = YES;
				CLANG_WARN_STRICT_PROTOTYPES = YES;
				CLANG_WARN_SUSPICIOUS_MOVE = YES;
				CLANG_WARN_UNGUARDED_AVAILABILITY = YES_AGGRESSIVE;
				CLANG_WARN_UNREACHABLE_CODE = YES;
				CLANG_WARN__DUPLICATE_METHOD_MATCH = YES;
				COPY_PHASE_STRIP = NO;
				DEBUG_INFORMATION_FORMAT = "dwarf-with-dsym";
				ENABLE_NS_ASSERTIONS = NO;
				ENABLE_STRICT_OBJC_MSGSEND = YES;
				GCC_C_LANGUAGE_STANDARD = gnu11;
				GCC_NO_COMMON_BLOCKS = YES;
				GCC_WARN_64_TO_32_BIT_CONVERSION = YES;
				GCC_WARN_ABOUT_RETURN_TYPE = YES_ERROR;
				GCC_WARN_UNDECLARED_SELECTOR = YES;
				GCC_WARN_UNINITIALIZED_AUTOS = YES_AGGRESSIVE;
				GCC_WARN_UNUSED_FUNCTION = YES;
				GCC_WARN_UNUSED_VARIABLE = YES;
				IPHONEOS_DEPLOYMENT_TARGET = 14.3;
				MTL_ENABLE_DEBUG_INFO = NO;
				MTL_FAST_MATH = YES;
				SDKROOT = iphoneos;
				SWIFT_COMPILATION_MODE = wholemodule;
				SWIFT_OPTIMIZATION_LEVEL = "-O";
				VALIDATE_PRODUCT = YES;
			};
			name = Release;
		};
		943A842925BE8F7E00558F42 /* Debug */ = {
			isa = XCBuildConfiguration;
			buildSettings = {
				ASSETCATALOG_COMPILER_APPICON_NAME = AppIcon;
				ASSETCATALOG_COMPILER_GLOBAL_ACCENT_COLOR_NAME = AccentColor;
				CODE_SIGN_STYLE = Automatic;
				DEVELOPMENT_TEAM = D453TST7T9;
				INFOPLIST_FILE = YubisumaAPP/Info.plist;
				LD_RUNPATH_SEARCH_PATHS = (
					"$(inherited)",
					"@executable_path/Frameworks",
				);
				MARKETING_VERSION = 1.02;
				PRODUCT_BUNDLE_IDENTIFIER = Iseryuiseki.YubisumaAPP;
				PRODUCT_NAME = "$(TARGET_NAME)";
				SWIFT_VERSION = 5.0;
				TARGETED_DEVICE_FAMILY = 1;
			};
			name = Debug;
		};
		943A842A25BE8F7E00558F42 /* Release */ = {
			isa = XCBuildConfiguration;
			buildSettings = {
				ASSETCATALOG_COMPILER_APPICON_NAME = AppIcon;
				ASSETCATALOG_COMPILER_GLOBAL_ACCENT_COLOR_NAME = AccentColor;
				CODE_SIGN_STYLE = Automatic;
				DEVELOPMENT_TEAM = D453TST7T9;
				INFOPLIST_FILE = YubisumaAPP/Info.plist;
				LD_RUNPATH_SEARCH_PATHS = (
					"$(inherited)",
					"@executable_path/Frameworks",
				);
				MARKETING_VERSION = 1.02;
				PRODUCT_BUNDLE_IDENTIFIER = Iseryuiseki.YubisumaAPP;
				PRODUCT_NAME = "$(TARGET_NAME)";
				SWIFT_VERSION = 5.0;
				TARGETED_DEVICE_FAMILY = 1;
			};
			name = Release;
		};
/* End XCBuildConfiguration section */

/* Begin XCConfigurationList section */
		943A840F25BE8F7D00558F42 /* Build configuration list for PBXProject "YubisumaAPP" */ = {
			isa = XCConfigurationList;
			buildConfigurations = (
				943A842625BE8F7E00558F42 /* Debug */,
				943A842725BE8F7E00558F42 /* Release */,
			);
			defaultConfigurationIsVisible = 0;
			defaultConfigurationName = Release;
		};
		943A842825BE8F7E00558F42 /* Build configuration list for PBXNativeTarget "YubisumaAPP" */ = {
			isa = XCConfigurationList;
			buildConfigurations = (
				943A842925BE8F7E00558F42 /* Debug */,
				943A842A25BE8F7E00558F42 /* Release */,
			);
			defaultConfigurationIsVisible = 0;
			defaultConfigurationName = Release;
		};
/* End XCConfigurationList section */
	};
	rootObject = 943A840C25BE8F7D00558F42 /* Project object */;
}
